
Microsoft Visual Studio Solution File, Format Version 12.00
# Visual Studio 15
VisualStudioVersion = 15.0.28307.852
MinimumVisualStudioVersion = 10.0.40219.1
Project("{FAE04EC0-301F-11D3-BF4B-00C04F79EFBC}") = "SmmServer", "SmmServer\SmmServer.csproj", "{636574D5-1967-43AF-97BD-AC3B820BFE0A}"
EndProject
Global
	GlobalSection(SolutionConfigurationPlatforms) = preSolution
		Debug|Any CPU = Debug|Any CPU
		Release|Any CPU = Release|Any CPU
	EndGlobalSection
	GlobalSection(ProjectConfigurationPlatforms) = postSolution
		{636574D5-1967-43AF-97BD-AC3B820BFE0A}.Debug|Any CPU.ActiveCfg = Debug|Any CPU
		{636574D5-1967-43AF-97BD-AC3B820BFE0A}.Debug|Any CPU.Build.0 = Debug|Any CPU
		{636574D5-1967-43AF-97BD-AC3B820BFE0A}.Release|Any CPU.ActiveCfg = Release|Any CPU
		{636574D5-1967-43AF-97BD-AC3B820BFE0A}.Release|Any CPU.Build.0 = Release|Any CPU
	EndGlobalSection
	GlobalSection(SolutionProperties) = preSolution
		HideSolutionNode = FALSE
	EndGlobalSection
	GlobalSection(ExtensibilityGlobals) = postSolution
		SolutionGuid = {74F7FF07-95A6-40C7-915A-6EB1E6DD0429}
	EndGlobalSection
EndGlobal
